
Microsoft Visual Studio Solution File, Format Version 9.00
# Visual Studio 2005
Project("{8BC9CEB8-8B4A-11D0-8D11-00A0C91BC942}") = "reed", "reed.vcproj", "{AC5B71AC-074B-4673-A9B0-E65134453B2E}"
EndProject
Global
	GlobalSection(SolutionConfigurationPlatforms) = preSolution
		Debug|Win32 = Debug|Win32
		Release|Win32 = Release|Win32
	EndGlobalSection
	GlobalSection(ProjectConfigurationPlatforms) = postSolution
		{AC5B71AC-074B-4673-A9B0-E65134453B2E}.Debug|Win32.ActiveCfg = Debug|Win32
		{AC5B71AC-074B-4673-A9B0-E65134453B2E}.Debug|Win32.Build.0 = Debug|Win32
		{AC5B71AC-074B-4673-A9B0-E65134453B2E}.Release|Win32.ActiveCfg = Release|Win32
		{AC5B71AC-074B-4673-A9B0-E65134453B2E}.Release|Win32.Build.0 = Release|Win32
	EndGlobalSection
	GlobalSection(SolutionProperties) = preSolution
		HideSolutionNode = FALSE
	EndGlobalSection
EndGlobal
