<?xml version="1.0" encoding="utf-8"?>
<Project ToolsVersion="4.0" xmlns="http://schemas.microsoft.com/developer/msbuild/2003">
  <ItemGroup>
    <Filter Include="Source Files">
      <UniqueIdentifier>{73bd6213-dded-4199-8566-1cc89f08db0a}</UniqueIdentifier>
      <Extensions>cpp;c;cxx;rc;def;r;odl;idl;hpj;bat</Extensions>
    </Filter>
    <Filter Include="Header Files">
      <UniqueIdentifier>{49991584-1d05-4c00-86db-4bd31527bc17}</UniqueIdentifier>
      <Extensions>h;hpp;hxx;hm;inl</Extensions>
    </Filter>
    <Filter Include="Resource Files">
      <UniqueIdentifier>{042161d4-cead-46cd-bdce-a93c7f335583}</UniqueIdentifier>
      <Extensions>ico;cur;bmp;dlg;rc2;rct;bin;rgs;gif;jpg;jpeg;jpe</Extensions>
    </Filter>
  </ItemGroup>
  <ItemGroup>
    <ClCompile Include="blob.cpp">
      <Filter>Source Files</Filter>
    </ClCompile>
    <ClCompile Include="DlgCheckFiles.cpp">
      <Filter>Source Files</Filter>
    </ClCompile>
    <ClCompile Include="DlgCheckPath.cpp">
      <Filter>Source Files</Filter>
    </ClCompile>
    <ClCompile Include="DlgListFiles.cpp">
      <Filter>Source Files</Filter>
    </ClCompile>
    <ClCompile Include="DlgProgress.cpp">
      <Filter>Source Files</Filter>
    </ClCompile>
    <ClCompile Include="DlgRecover.cpp">
      <Filter>Source Files</Filter>
    </ClCompile>
    <ClCompile Include="DlgWelcome.cpp">
      <Filter>Source Files</Filter>
    </ClCompile>
    <ClCompile Include="FileSpace.cpp">
      <Filter>Source Files</Filter>
    </ClCompile>
    <ClCompile Include="PPRecoverySize.cpp">
      <Filter>Source Files</Filter>
    </ClCompile>
    <ClCompile Include="Protector.cpp">
      <Filter>Source Files</Filter>
    </ClCompile>
    <ClCompile Include="reed.cpp">
      <Filter>Source Files</Filter>
    </ClCompile>
    <ClCompile Include="reedDlg.cpp">
      <Filter>Source Files</Filter>
    </ClCompile>
    <ClCompile Include="StdAfx.cpp">
      <Filter>Source Files</Filter>
    </ClCompile>
    <ClCompile Include="utils.cpp">
      <Filter>Source Files</Filter>
    </ClCompile>
    <ClCompile Include="mfc_helpers.cpp">
      <Filter>Source Files</Filter>
    </ClCompile>
  </ItemGroup>
  <ItemGroup>
    <ResourceCompile Include="reed.rc">
      <Filter>Source Files</Filter>
    </ResourceCompile>
  </ItemGroup>
  <ItemGroup>
    <ClInclude Include="blob.h">
      <Filter>Header Files</Filter>
    </ClInclude>
    <ClInclude Include="DlgCheckFiles.h">
      <Filter>Header Files</Filter>
    </ClInclude>
    <ClInclude Include="DlgCheckPath.h">
      <Filter>Header Files</Filter>
    </ClInclude>
    <ClInclude Include="DlgListFiles.h">
      <Filter>Header Files</Filter>
    </ClInclude>
    <ClInclude Include="DlgProgress.h">
      <Filter>Header Files</Filter>
    </ClInclude>
    <ClInclude Include="DlgRecover.h">
      <Filter>Header Files</Filter>
    </ClInclude>
    <ClInclude Include="DlgWelcome.h">
      <Filter>Header Files</Filter>
    </ClInclude>
    <ClInclude Include="FileSpace.h">
      <Filter>Header Files</Filter>
    </ClInclude>
    <ClInclude Include="PPRecoverySize.h">
      <Filter>Header Files</Filter>
    </ClInclude>
    <ClInclude Include="Protector.h">
      <Filter>Header Files</Filter>
    </ClInclude>
    <ClInclude Include="reed.h">
      <Filter>Header Files</Filter>
    </ClInclude>
    <ClInclude Include="reedDlg.h">
      <Filter>Header Files</Filter>
    </ClInclude>
    <ClInclude Include="Resource.h">
      <Filter>Header Files</Filter>
    </ClInclude>
    <ClInclude Include="StdAfx.h">
      <Filter>Header Files</Filter>
    </ClInclude>
    <ClInclude Include="utils.h">
      <Filter>Header Files</Filter>
    </ClInclude>
    <ClInclude Include="mfc_helpers.h">
      <Filter>Header Files</Filter>
    </ClInclude>
  </ItemGroup>
  <ItemGroup>
    <Image Include="res\BOK.ICO">
      <Filter>Resource Files</Filter>
    </Image>
    <Image Include="res\Frog Empty.ico">
      <Filter>Resource Files</Filter>
    </Image>
    <Image Include="res\reed.ico">
      <Filter>Resource Files</Filter>
    </Image>
  </ItemGroup>
  <ItemGroup>
    <None Include="res\reed.rc2">
      <Filter>Resource Files</Filter>
    </None>
  </ItemGroup>
  <ItemGroup>
    <Text Include="ReadMe.txt" />
  </ItemGroup>
</Project>